
Microsoft Visual Studio Solution File, Format Version 12.00
# Visual Studio Version 16
VisualStudioVersion = 16.0.31424.327
MinimumVisualStudioVersion = 10.0.40219.1
Project("{FAE04EC0-301F-11D3-BF4B-00C04F79EFBC}") = "cryptoscape-api", "cryptoscape-api\cryptoscape-api.csproj", "{72FFE3F8-572A-4690-9F6C-52D66800D165}"
EndProject
Global
	GlobalSection(SolutionConfigurationPlatforms) = preSolution
		Debug|Any CPU = Debug|Any CPU
		Release|Any CPU = Release|Any CPU
	EndGlobalSection
	GlobalSection(ProjectConfigurationPlatforms) = postSolution
		{72FFE3F8-572A-4690-9F6C-52D66800D165}.Debug|Any CPU.ActiveCfg = Debug|Any CPU
		{72FFE3F8-572A-4690-9F6C-52D66800D165}.Debug|Any CPU.Build.0 = Debug|Any CPU
		{72FFE3F8-572A-4690-9F6C-52D66800D165}.Release|Any CPU.ActiveCfg = Release|Any CPU
		{72FFE3F8-572A-4690-9F6C-52D66800D165}.Release|Any CPU.Build.0 = Release|Any CPU
	EndGlobalSection
	GlobalSection(SolutionProperties) = preSolution
		HideSolutionNode = FALSE
	EndGlobalSection
	GlobalSection(ExtensibilityGlobals) = postSolution
		SolutionGuid = {A3B65A86-EAD7-4760-B587-D72FF7603899}
	EndGlobalSection
EndGlobal
